// !$*UTF8*$!
{
	archiveVersion = 1;
	classes = {
	};
	objectVersion = 46;
	objects = {

/* Begin PBXBuildFile section */
		8FD922A01BB0CDBB00098964 /* main.m in Sources */ = {isa = PBXBuildFile; fileRef = 8FD9229F1BB0CDBB00098964 /* main.m */; };
		8FD922A31BB0CDBB00098964 /* AppDelegate.m in Sources */ = {isa = PBXBuildFile; fileRef = 8FD922A21BB0CDBB00098964 /* AppDelegate.m */; };
		8FD922A91BB0CDBB00098964 /* Main.storyboard in Resources */ = {isa = PBXBuildFile; fileRef = 8FD922A71BB0CDBB00098964 /* Main.storyboard */; };
		8FD922AB1BB0CDBB00098964 /* Assets.xcassets in Resources */ = {isa = PBXBuildFile; fileRef = 8FD922AA1BB0CDBB00098964 /* Assets.xcassets */; };
		8FD922AE1BB0CDBB00098964 /* LaunchScreen.storyboard in Resources */ = {isa = PBXBuildFile; fileRef = 8FD922AC1BB0CDBB00098964 /* LaunchScreen.storyboard */; };
		8FD922B91BB0CDBB00098964 /* CustomViewTests.m in Sources */ = {isa = PBXBuildFile; fileRef = 8FD922B81BB0CDBB00098964 /* CustomViewTests.m */; };
		8FD922C51BB0CF2000098964 /* ScannerViewController.m in Sources */ = {isa = PBXBuildFile; fileRef = 8FD922C41BB0CF2000098964 /* ScannerViewController.m */; settings = {ASSET_TAGS = (); }; };
		8FD922C81BB0CFCD00098964 /* ScannerView.m in Sources */ = {isa = PBXBuildFile; fileRef = 8FD922C71BB0CFCD00098964 /* ScannerView.m */; settings = {ASSET_TAGS = (); }; };
/* End PBXBuildFile section */

/* Begin PBXContainerItemProxy section */
		8FD922B51BB0CDBB00098964 /* PBXContainerItemProxy */ = {
			isa = PBXContainerItemProxy;
			containerPortal = 8FD922931BB0CDBB00098964 /* Project object */;
			proxyType = 1;
			remoteGlobalIDString = 8FD9229A1BB0CDBB00098964;
			remoteInfo = CustomView;
		};
/* End PBXContainerItemProxy section */

/* Begin PBXFileReference section */
		8FD9229B1BB0CDBB00098964 /* CustomView.app */ = {isa = PBXFileReference; explicitFileType = wrapper.application; includeInIndex = 0; path = CustomView.app; sourceTree = BUILT_PRODUCTS_DIR; };
		8FD9229F1BB0CDBB00098964 /* main.m */ = {isa = PBXFileReference; lastKnownFileType = sourcecode.c.objc; path = main.m; sourceTree = "<group>"; };
		8FD922A11BB0CDBB00098964 /* AppDelegate.h */ = {isa = PBXFileReference; lastKnownFileType = sourcecode.c.h; path = AppDelegate.h; sourceTree = "<group>"; };
		8FD922A21BB0CDBB00098964 /* AppDelegate.m */ = {isa = PBXFileReference; lastKnownFileType = sourcecode.c.objc; path = AppDelegate.m; sourceTree = "<group>"; };
		8FD922A81BB0CDBB00098964 /* Base */ = {isa = PBXFileReference; lastKnownFileType = file.storyboard; name = Base; path = Base.lproj/Main.storyboard; sourceTree = "<group>"; };
		8FD922AA1BB0CDBB00098964 /* Assets.xcassets */ = {isa = PBXFileReference; lastKnownFileType = folder.assetcatalog; path = Assets.xcassets; sourceTree = "<group>"; };
		8FD922AD1BB0CDBB00098964 /* Base */ = {isa = PBXFileReference; lastKnownFileType = file.storyboard; name = Base; path = Base.lproj/LaunchScreen.storyboard; sourceTree = "<group>"; };
		8FD922AF1BB0CDBB00098964 /* Info.plist */ = {isa = PBXFileReference; lastKnownFileType = text.plist.xml; path = Info.plist; sourceTree = "<group>"; };
		8FD922B41BB0CDBB00098964 /* CustomViewTests.xctest */ = {isa = PBXFileReference; explicitFileType = wrapper.cfbundle; includeInIndex = 0; path = CustomViewTests.xctest; sourceTree = BUILT_PRODUCTS_DIR; };
		8FD922B81BB0CDBB00098964 /* CustomViewTests.m */ = {isa = PBXFileReference; lastKnownFileType = sourcecode.c.objc; path = CustomViewTests.m; sourceTree = "<group>"; };
		8FD922BA1BB0CDBB00098964 /* Info.plist */ = {isa = PBXFileReference; lastKnownFileType = text.plist.xml; path = Info.plist; sourceTree = "<group>"; };
		8FD922C31BB0CF2000098964 /* ScannerViewController.h */ = {isa = PBXFileReference; fileEncoding = 4; lastKnownFileType = sourcecode.c.h; path = ScannerViewController.h; sourceTree = "<group>"; };
		8FD922C41BB0CF2000098964 /* ScannerViewController.m */ = {isa = PBXFileReference; fileEncoding = 4; lastKnownFileType = sourcecode.c.objc; path = ScannerViewController.m; sourceTree = "<group>"; };
		8FD922C61BB0CFCD00098964 /* ScannerView.h */ = {isa = PBXFileReference; fileEncoding = 4; lastKnownFileType = sourcecode.c.h; path = ScannerView.h; sourceTree = "<group>"; };
		8FD922C71BB0CFCD00098964 /* ScannerView.m */ = {isa = PBXFileReference; fileEncoding = 4; lastKnownFileType = sourcecode.c.objc; path = ScannerView.m; sourceTree = "<group>"; };
/* End PBXFileReference section */

/* Begin PBXFrameworksBuildPhase section */
		8FD922981BB0CDBB00098964 /* Frameworks */ = {
			isa = PBXFrameworksBuildPhase;
			buildActionMask = 2147483647;
			files = (
			);
			runOnlyForDeploymentPostprocessing = 0;
		};
		8FD922B11BB0CDBB00098964 /* Frameworks */ = {
			isa = PBXFrameworksBuildPhase;
			buildActionMask = 2147483647;
			files = (
			);
			runOnlyForDeploymentPostprocessing = 0;
		};
/* End PBXFrameworksBuildPhase section */

/* Begin PBXGroup section */
		8FD922921BB0CDBB00098964 = {
			isa = PBXGroup;
			children = (
				8FD9229D1BB0CDBB00098964 /* CustomView */,
				8FD922B71BB0CDBB00098964 /* CustomViewTests */,
				8FD9229C1BB0CDBB00098964 /* Products */,
			);
			sourceTree = "<group>";
		};
		8FD9229C1BB0CDBB00098964 /* Products */ = {
			isa = PBXGroup;
			children = (
				8FD9229B1BB0CDBB00098964 /* CustomView.app */,
				8FD922B41BB0CDBB00098964 /* CustomViewTests.xctest */,
			);
			name = Products;
			sourceTree = "<group>";
		};
		8FD9229D1BB0CDBB00098964 /* CustomView */ = {
			isa = PBXGroup;
			children = (
				8FD922A11BB0CDBB00098964 /* AppDelegate.h */,
				8FD922A21BB0CDBB00098964 /* AppDelegate.m */,
				8FD922C31BB0CF2000098964 /* ScannerViewController.h */,
				8FD922C41BB0CF2000098964 /* ScannerViewController.m */,
				8FD922A71BB0CDBB00098964 /* Main.storyboard */,
				8FD922AA1BB0CDBB00098964 /* Assets.xcassets */,
				8FD922AC1BB0CDBB00098964 /* LaunchScreen.storyboard */,
				8FD922AF1BB0CDBB00098964 /* Info.plist */,
				8FD9229E1BB0CDBB00098964 /* Supporting Files */,
				8FD922C61BB0CFCD00098964 /* ScannerView.h */,
				8FD922C71BB0CFCD00098964 /* ScannerView.m */,
			);
			path = CustomView;
			sourceTree = "<group>";
		};
		8FD9229E1BB0CDBB00098964 /* Supporting Files */ = {
			isa = PBXGroup;
			children = (
				8FD9229F1BB0CDBB00098964 /* main.m */,
			);
			name = "Supporting Files";
			sourceTree = "<group>";
		};
		8FD922B71BB0CDBB00098964 /* CustomViewTests */ = {
			isa = PBXGroup;
			children = (
				8FD922B81BB0CDBB00098964 /* CustomViewTests.m */,
				8FD922BA1BB0CDBB00098964 /* Info.plist */,
			);
			path = CustomViewTests;
			sourceTree = "<group>";
		};
/* End PBXGroup section */

/* Begin PBXNativeTarget section */
		8FD9229A1BB0CDBB00098964 /* CustomView */ = {
			isa = PBXNativeTarget;
			buildConfigurationList = 8FD922BD1BB0CDBB00098964 /* Build configuration list for PBXNativeTarget "CustomView" */;
			buildPhases = (
				8FD922971BB0CDBB00098964 /* Sources */,
				8FD922981BB0CDBB00098964 /* Frameworks */,
				8FD922991BB0CDBB00098964 /* Resources */,
			);
			buildRules = (
			);
			dependencies = (
			);
			name = CustomView;
			productName = CustomView;
			productReference = 8FD9229B1BB0CDBB00098964 /* CustomView.app */;
			productType = "com.apple.product-type.application";
		};
		8FD922B31BB0CDBB00098964 /* CustomViewTests */ = {
			isa = PBXNativeTarget;
			buildConfigurationList = 8FD922C01BB0CDBB00098964 /* Build configuration list for PBXNativeTarget "CustomViewTests" */;
			buildPhases = (
				8FD922B01BB0CDBB00098964 /* Sources */,
				8FD922B11BB0CDBB00098964 /* Frameworks */,
				8FD922B21BB0CDBB00098964 /* Resources */,
			);
			buildRules = (
			);
			dependencies = (
				8FD922B61BB0CDBB00098964 /* PBXTargetDependency */,
			);
			name = CustomViewTests;
			productName = CustomViewTests;
			productReference = 8FD922B41BB0CDBB00098964 /* CustomViewTests.xctest */;
			productType = "com.apple.product-type.bundle.unit-test";
		};
/* End PBXNativeTarget section */

/* Begin PBXProject section */
		8FD922931BB0CDBB00098964 /* Project object */ = {
			isa = PBXProject;
			attributes = {
				LastUpgradeCheck = 0700;
				ORGANIZATIONNAME = "Sam Lau";
				TargetAttributes = {
					8FD9229A1BB0CDBB00098964 = {
						CreatedOnToolsVersion = 7.0;
					};
					8FD922B31BB0CDBB00098964 = {
						CreatedOnToolsVersion = 7.0;
						TestTargetID = 8FD9229A1BB0CDBB00098964;
					};
				};
			};
			buildConfigurationList = 8FD922961BB0CDBB00098964 /* Build configuration list for PBXProject "CustomView" */;
			compatibilityVersion = "Xcode 3.2";
			developmentRegion = English;
			hasScannedForEncodings = 0;
			knownRegions = (
				en,
				Base,
			);
			mainGroup = 8FD922921BB0CDBB00098964;
			productRefGroup = 8FD9229C1BB0CDBB00098964 /* Products */;
			projectDirPath = "";
			projectRoot = "";
			targets = (
				8FD9229A1BB0CDBB00098964 /* CustomView */,
				8FD922B31BB0CDBB00098964 /* CustomViewTests */,
			);
		};
/* End PBXProject section */

/* Begin PBXResourcesBuildPhase section */
		8FD922991BB0CDBB00098964 /* Resources */ = {
			isa = PBXResourcesBuildPhase;
			buildActionMask = 2147483647;
			files = (
				8FD922AE1BB0CDBB00098964 /* LaunchScreen.storyboard in Resources */,
				8FD922AB1BB0CDBB00098964 /* Assets.xcassets in Resources */,
				8FD922A91BB0CDBB00098964 /* Main.storyboard in Resources */,
			);
			runOnlyForDeploymentPostprocessing = 0;
		};
		8FD922B21BB0CDBB00098964 /* Resources */ = {
			isa = PBXResourcesBuildPhase;
			buildActionMask = 2147483647;
			files = (
			);
			runOnlyForDeploymentPostprocessing = 0;
		};
/* End PBXResourcesBuildPhase section */

/* Begin PBXSourcesBuildPhase section */
		8FD922971BB0CDBB00098964 /* Sources */ = {
			isa = PBXSourcesBuildPhase;
			buildActionMask = 2147483647;
			files = (
				8FD922A31BB0CDBB00098964 /* AppDelegate.m in Sources */,
				8FD922C81BB0CFCD00098964 /* ScannerView.m in Sources */,
				8FD922C51BB0CF2000098964 /* ScannerViewController.m in Sources */,
				8FD922A01BB0CDBB00098964 /* main.m in Sources */,
			);
			runOnlyForDeploymentPostprocessing = 0;
		};
		8FD922B01BB0CDBB00098964 /* Sources */ = {
			isa = PBXSourcesBuildPhase;
			buildActionMask = 2147483647;
			files = (
				8FD922B91BB0CDBB00098964 /* CustomViewTests.m in Sources */,
			);
			runOnlyForDeploymentPostprocessing = 0;
		};
/* End PBXSourcesBuildPhase section */

/* Begin PBXTargetDependency section */
		8FD922B61BB0CDBB00098964 /* PBXTargetDependency */ = {
			isa = PBXTargetDependency;
			target = 8FD9229A1BB0CDBB00098964 /* CustomView */;
			targetProxy = 8FD922B51BB0CDBB00098964 /* PBXContainerItemProxy */;
		};
/* End PBXTargetDependency section */

/* Begin PBXVariantGroup section */
		8FD922A71BB0CDBB00098964 /* Main.storyboard */ = {
			isa = PBXVariantGroup;
			children = (
				8FD922A81BB0CDBB00098964 /* Base */,
			);
			name = Main.storyboard;
			sourceTree = "<group>";
		};
		8FD922AC1BB0CDBB00098964 /* LaunchScreen.storyboard */ = {
			isa = PBXVariantGroup;
			children = (
				8FD922AD1BB0CDBB00098964 /* Base */,
			);
			name = LaunchScreen.storyboard;
			sourceTree = "<group>";
		};
/* End PBXVariantGroup section */

/* Begin XCBuildConfiguration section */
		8FD922BB1BB0CDBB00098964 /* Debug */ = {
			isa = XCBuildConfiguration;
			buildSettings = {
				ALWAYS_SEARCH_USER_PATHS = NO;
				CLANG_CXX_LANGUAGE_STANDARD = "gnu++0x";
				CLANG_CXX_LIBRARY = "libc++";
				CLANG_ENABLE_MODULES = YES;
				CLANG_ENABLE_OBJC_ARC = YES;
				CLANG_WARN_BOOL_CONVERSION = YES;
				CLANG_WARN_CONSTANT_CONVERSION = YES;
				CLANG_WARN_DIRECT_OBJC_ISA_USAGE = YES_ERROR;
				CLANG_WARN_EMPTY_BODY = YES;
				CLANG_WARN_ENUM_CONVERSION = YES;
				CLANG_WARN_INT_CONVERSION = YES;
				CLANG_WARN_OBJC_ROOT_CLASS = YES_ERROR;
				CLANG_WARN_UNREACHABLE_CODE = YES;
				CLANG_WARN__DUPLICATE_METHOD_MATCH = YES;
				"CODE_SIGN_IDENTITY[sdk=iphoneos*]" = "iPhone Developer";
				COPY_PHASE_STRIP = NO;
				DEBUG_INFORMATION_FORMAT = dwarf;
				ENABLE_STRICT_OBJC_MSGSEND = YES;
				ENABLE_TESTABILITY = YES;
				GCC_C_LANGUAGE_STANDARD = gnu99;
				GCC_DYNAMIC_NO_PIC = NO;
				GCC_NO_COMMON_BLOCKS = YES;
				GCC_OPTIMIZATION_LEVEL = 0;
				GCC_PREPROCESSOR_DEFINITIONS = (
					"DEBUG=1",
					"$(inherited)",
				);
				GCC_WARN_64_TO_32_BIT_CONVERSION = YES;
				GCC_WARN_ABOUT_RETURN_TYPE = YES_ERROR;
				GCC_WARN_UNDECLARED_SELECTOR = YES;
				GCC_WARN_UNINITIALIZED_AUTOS = YES_AGGRESSIVE;
				GCC_WARN_UNUSED_FUNCTION = YES;
				GCC_WARN_UNUSED_VARIABLE = YES;
				IPHONEOS_DEPLOYMENT_TARGET = 9.0;
				MTL_ENABLE_DEBUG_INFO = YES;
				ONLY_ACTIVE_ARCH = YES;
				SDKROOT = iphoneos;
			};
			name = Debug;
		};
		8FD922BC1BB0CDBB00098964 /* Release */ = {
			isa = XCBuildConfiguration;
			buildSettings = {
				ALWAYS_SEARCH_USER_PATHS = NO;
				CLANG_CXX_LANGUAGE_STANDARD = "gnu++0x";
				CLANG_CXX_LIBRARY = "libc++";
				CLANG_ENABLE_MODULES = YES;
				CLANG_ENABLE_OBJC_ARC = YES;
				CLANG_WARN_BOOL_CONVERSION = YES;
				CLANG_WARN_CONSTANT_CONVERSION = YES;
				CLANG_WARN_DIRECT_OBJC_ISA_USAGE = YES_ERROR;
				CLANG_WARN_EMPTY_BODY = YES;
				CLANG_WARN_ENUM_CONVERSION = YES;
				CLANG_WARN_INT_CONVERSION = YES;
				CLANG_WARN_OBJC_ROOT_CLASS = YES_ERROR;
				CLANG_WARN_UNREACHABLE_CODE = YES;
				CLANG_WARN__DUPLICATE_METHOD_MATCH = YES;
				"CODE_SIGN_IDENTITY[sdk=iphoneos*]" = "iPhone Developer";
				COPY_PHASE_STRIP = NO;
				DEBUG_INFORMATION_FORMAT = "dwarf-with-dsym";
				ENABLE_NS_ASSERTIONS = NO;
				ENABLE_STRICT_OBJC_MSGSEND = YES;
				GCC_C_LANGUAGE_STANDARD = gnu99;
				GCC_NO_COMMON_BLOCKS = YES;
				GCC_WARN_64_TO_32_BIT_CONVERSION = YES;
				GCC_WARN_ABOUT_RETURN_TYPE = YES_ERROR;
				GCC_WARN_UNDECLARED_SELECTOR = YES;
				GCC_WARN_UNINITIALIZED_AUTOS = YES_AGGRESSIVE;
				GCC_WARN_UNUSED_FUNCTION = YES;
				GCC_WARN_UNUSED_VARIABLE = YES;
				IPHONEOS_DEPLOYMENT_TARGET = 9.0;
				MTL_ENABLE_DEBUG_INFO = NO;
				SDKROOT = iphoneos;
				VALIDATE_PRODUCT = YES;
			};
			name = Release;
		};
		8FD922BE1BB0CDBB00098964 /* Debug */ = {
			isa = XCBuildConfiguration;
			buildSettings = {
				ASSETCATALOG_COMPILER_APPICON_NAME = AppIcon;
				INFOPLIST_FILE = CustomView/Info.plist;
				LD_RUNPATH_SEARCH_PATHS = "$(inherited) @executable_path/Frameworks";
				PRODUCT_BUNDLE_IDENTIFIER = com.samlaudev.CustomView;
				PRODUCT_NAME = "$(TARGET_NAME)";
			};
			name = Debug;
		};
		8FD922BF1BB0CDBB00098964 /* Release */ = {
			isa = XCBuildConfiguration;
			buildSettings = {
				ASSETCATALOG_COMPILER_APPICON_NAME = AppIcon;
				INFOPLIST_FILE = CustomView/Info.plist;
				LD_RUNPATH_SEARCH_PATHS = "$(inherited) @executable_path/Frameworks";
				PRODUCT_BUNDLE_IDENTIFIER = com.samlaudev.CustomView;
				PRODUCT_NAME = "$(TARGET_NAME)";
			};
			name = Release;
		};
		8FD922C11BB0CDBB00098964 /* Debug */ = {
			isa = XCBuildConfiguration;
			buildSettings = {
				BUNDLE_LOADER = "$(TEST_HOST)";
				INFOPLIST_FILE = CustomViewTests/Info.plist;
				LD_RUNPATH_SEARCH_PATHS = "$(inherited) @executable_path/Frameworks @loader_path/Frameworks";
				PRODUCT_BUNDLE_IDENTIFIER = com.samlaudev.CustomViewTests;
				PRODUCT_NAME = "$(TARGET_NAME)";
				TEST_HOST = "$(BUILT_PRODUCTS_DIR)/CustomView.app/CustomView";
			};
			name = Debug;
		};
		8FD922C21BB0CDBB00098964 /* Release */ = {
			isa = XCBuildConfiguration;
			buildSettings = {
				BUNDLE_LOADER = "$(TEST_HOST)";
				INFOPLIST_FILE = CustomViewTests/Info.plist;
				LD_RUNPATH_SEARCH_PATHS = "$(inherited) @executable_path/Frameworks @loader_path/Frameworks";
				PRODUCT_BUNDLE_IDENTIFIER = com.samlaudev.CustomViewTests;
				PRODUCT_NAME = "$(TARGET_NAME)";
				TEST_HOST = "$(BUILT_PRODUCTS_DIR)/CustomView.app/CustomView";
			};
			name = Release;
		};
/* End XCBuildConfiguration section */

/* Begin XCConfigurationList section */
		8FD922961BB0CDBB00098964 /* Build configuration list for PBXProject "CustomView" */ = {
			isa = XCConfigurationList;
			buildConfigurations = (
				8FD922BB1BB0CDBB00098964 /* Debug */,
				8FD922BC1BB0CDBB00098964 /* Release */,
			);
			defaultConfigurationIsVisible = 0;
			defaultConfigurationName = Release;
		};
		8FD922BD1BB0CDBB00098964 /* Build configuration list for PBXNativeTarget "CustomView" */ = {
			isa = XCConfigurationList;
			buildConfigurations = (
				8FD922BE1BB0CDBB00098964 /* Debug */,
				8FD922BF1BB0CDBB00098964 /* Release */,
			);
			defaultConfigurationIsVisible = 0;
			defaultConfigurationName = Release;
		};
		8FD922C01BB0CDBB00098964 /* Build configuration list for PBXNativeTarget "CustomViewTests" */ = {
			isa = XCConfigurationList;
			buildConfigurations = (
				8FD922C11BB0CDBB00098964 /* Debug */,
				8FD922C21BB0CDBB00098964 /* Release */,
			);
			defaultConfigurationIsVisible = 0;
			defaultConfigurationName = Release;
		};
/* End XCConfigurationList section */
	};
	rootObject = 8FD922931BB0CDBB00098964 /* Project object */;
}
